// !$*UTF8*$!
{
	archiveVersion = 1;
	classes = {
	};
	objectVersion = 56;
	objects = {

/* Begin PBXBuildFile section */
		12B924AA2C760714005FA7D5 /* ListElement.swift in Sources */ = {isa = PBXBuildFile; fileRef = 12B924A92C760714005FA7D5 /* ListElement.swift */; };
		12B924AC2C76089B005FA7D5 /* ListView.swift in Sources */ = {isa = PBXBuildFile; fileRef = 12B924AB2C76089B005FA7D5 /* ListView.swift */; };
		12B924AE2C760BAA005FA7D5 /* MainView.swift in Sources */ = {isa = PBXBuildFile; fileRef = 12B924AD2C760BAA005FA7D5 /* MainView.swift */; };
		12B924B12C7611AF005FA7D5 /* BasketElement.swift in Sources */ = {isa = PBXBuildFile; fileRef = 12B924B02C7611AF005FA7D5 /* BasketElement.swift */; };
		12B924B32C761864005FA7D5 /* BasketView.swift in Sources */ = {isa = PBXBuildFile; fileRef = 12B924B22C761864005FA7D5 /* BasketView.swift */; };
		12D0D58C2C747B91005C8014 /* mySparApp.swift in Sources */ = {isa = PBXBuildFile; fileRef = 12D0D58B2C747B91005C8014 /* mySparApp.swift */; };
		12D0D58E2C747B91005C8014 /* GridView.swift in Sources */ = {isa = PBXBuildFile; fileRef = 12D0D58D2C747B91005C8014 /* GridView.swift */; };
		12D0D5902C747B92005C8014 /* Assets.xcassets in Resources */ = {isa = PBXBuildFile; fileRef = 12D0D58F2C747B92005C8014 /* Assets.xcassets */; };
		12D0D5932C747B92005C8014 /* Preview Assets.xcassets in Resources */ = {isa = PBXBuildFile; fileRef = 12D0D5922C747B92005C8014 /* Preview Assets.xcassets */; };
		12D0D59A2C748535005C8014 /* Model.swift in Sources */ = {isa = PBXBuildFile; fileRef = 12D0D5992C748535005C8014 /* Model.swift */; };
		12D0D59C2C748730005C8014 /* ViewModel.swift in Sources */ = {isa = PBXBuildFile; fileRef = 12D0D59B2C748730005C8014 /* ViewModel.swift */; };
		12E6A6982C74B5BA00C01E2E /* GridElement.swift in Sources */ = {isa = PBXBuildFile; fileRef = 12E6A6972C74B5BA00C01E2E /* GridElement.swift */; };
		12E6A69C2C74C1D200C01E2E /* ButtonBuy.swift in Sources */ = {isa = PBXBuildFile; fileRef = 12E6A69B2C74C1D200C01E2E /* ButtonBuy.swift */; };
		12E6A69E2C74C92100C01E2E /* TypePicker.swift in Sources */ = {isa = PBXBuildFile; fileRef = 12E6A69D2C74C92100C01E2E /* TypePicker.swift */; };
/* End PBXBuildFile section */

/* Begin PBXFileReference section */
		12B924A92C760714005FA7D5 /* ListElement.swift */ = {isa = PBXFileReference; lastKnownFileType = sourcecode.swift; path = ListElement.swift; sourceTree = "<group>"; };
		12B924AB2C76089B005FA7D5 /* ListView.swift */ = {isa = PBXFileReference; lastKnownFileType = sourcecode.swift; path = ListView.swift; sourceTree = "<group>"; };
		12B924AD2C760BAA005FA7D5 /* MainView.swift */ = {isa = PBXFileReference; lastKnownFileType = sourcecode.swift; path = MainView.swift; sourceTree = "<group>"; };
		12B924B02C7611AF005FA7D5 /* BasketElement.swift */ = {isa = PBXFileReference; lastKnownFileType = sourcecode.swift; path = BasketElement.swift; sourceTree = "<group>"; };
		12B924B22C761864005FA7D5 /* BasketView.swift */ = {isa = PBXFileReference; lastKnownFileType = sourcecode.swift; path = BasketView.swift; sourceTree = "<group>"; };
		12D0D5882C747B91005C8014 /* mySpar.app */ = {isa = PBXFileReference; explicitFileType = wrapper.application; includeInIndex = 0; path = mySpar.app; sourceTree = BUILT_PRODUCTS_DIR; };
		12D0D58B2C747B91005C8014 /* mySparApp.swift */ = {isa = PBXFileReference; lastKnownFileType = sourcecode.swift; path = mySparApp.swift; sourceTree = "<group>"; };
		12D0D58D2C747B91005C8014 /* GridView.swift */ = {isa = PBXFileReference; lastKnownFileType = sourcecode.swift; path = GridView.swift; sourceTree = "<group>"; };
		12D0D58F2C747B92005C8014 /* Assets.xcassets */ = {isa = PBXFileReference; lastKnownFileType = folder.assetcatalog; path = Assets.xcassets; sourceTree = "<group>"; };
		12D0D5922C747B92005C8014 /* Preview Assets.xcassets */ = {isa = PBXFileReference; lastKnownFileType = folder.assetcatalog; path = "Preview Assets.xcassets"; sourceTree = "<group>"; };
		12D0D5992C748535005C8014 /* Model.swift */ = {isa = PBXFileReference; lastKnownFileType = sourcecode.swift; path = Model.swift; sourceTree = "<group>"; };
		12D0D59B2C748730005C8014 /* ViewModel.swift */ = {isa = PBXFileReference; lastKnownFileType = sourcecode.swift; path = ViewModel.swift; sourceTree = "<group>"; };
		12E6A6972C74B5BA00C01E2E /* GridElement.swift */ = {isa = PBXFileReference; lastKnownFileType = sourcecode.swift; path = GridElement.swift; sourceTree = "<group>"; };
		12E6A69B2C74C1D200C01E2E /* ButtonBuy.swift */ = {isa = PBXFileReference; lastKnownFileType = sourcecode.swift; path = ButtonBuy.swift; sourceTree = "<group>"; };
		12E6A69D2C74C92100C01E2E /* TypePicker.swift */ = {isa = PBXFileReference; lastKnownFileType = sourcecode.swift; path = TypePicker.swift; sourceTree = "<group>"; };
/* End PBXFileReference section */

/* Begin PBXFrameworksBuildPhase section */
		12D0D5852C747B91005C8014 /* Frameworks */ = {
			isa = PBXFrameworksBuildPhase;
			buildActionMask = 2147483647;
			files = (
			);
			runOnlyForDeploymentPostprocessing = 0;
		};
/* End PBXFrameworksBuildPhase section */

/* Begin PBXGroup section */
		124AD7032C75DB05003C194E /* Grid */ = {
			isa = PBXGroup;
			children = (
				12D0D58D2C747B91005C8014 /* GridView.swift */,
				12E6A6972C74B5BA00C01E2E /* GridElement.swift */,
			);
			path = Grid;
			sourceTree = "<group>";
		};
		124E6E272C74AFA300AC75EC /* Views */ = {
			isa = PBXGroup;
			children = (
				12E6A69A2C74C1BF00C01E2E /* Elements */,
				12B924AF2C761193005FA7D5 /* Basket */,
				12B924A82C7606F9005FA7D5 /* List */,
				124AD7032C75DB05003C194E /* Grid */,
			);
			path = Views;
			sourceTree = "<group>";
		};
		12B924A82C7606F9005FA7D5 /* List */ = {
			isa = PBXGroup;
			children = (
				12B924AB2C76089B005FA7D5 /* ListView.swift */,
				12B924A92C760714005FA7D5 /* ListElement.swift */,
			);
			path = List;
			sourceTree = "<group>";
		};
		12B924AF2C761193005FA7D5 /* Basket */ = {
			isa = PBXGroup;
			children = (
				12B924B02C7611AF005FA7D5 /* BasketElement.swift */,
				12B924B22C761864005FA7D5 /* BasketView.swift */,
			);
			path = Basket;
			sourceTree = "<group>";
		};
		12D0D57F2C747B91005C8014 = {
			isa = PBXGroup;
			children = (
				12D0D58A2C747B91005C8014 /* mySpar */,
				12D0D5892C747B91005C8014 /* Products */,
			);
			sourceTree = "<group>";
		};
		12D0D5892C747B91005C8014 /* Products */ = {
			isa = PBXGroup;
			children = (
				12D0D5882C747B91005C8014 /* mySpar.app */,
			);
			name = Products;
			sourceTree = "<group>";
		};
		12D0D58A2C747B91005C8014 /* mySpar */ = {
			isa = PBXGroup;
			children = (
				12D0D58B2C747B91005C8014 /* mySparApp.swift */,
				12D0D5992C748535005C8014 /* Model.swift */,
				12D0D59B2C748730005C8014 /* ViewModel.swift */,
				124E6E272C74AFA300AC75EC /* Views */,
				12B924AD2C760BAA005FA7D5 /* MainView.swift */,
				12D0D58F2C747B92005C8014 /* Assets.xcassets */,
				12D0D5912C747B92005C8014 /* Preview Content */,
			);
			path = mySpar;
			sourceTree = "<group>";
		};
		12D0D5912C747B92005C8014 /* Preview Content */ = {
			isa = PBXGroup;
			children = (
				12D0D5922C747B92005C8014 /* Preview Assets.xcassets */,
			);
			path = "Preview Content";
			sourceTree = "<group>";
		};
		12E6A69A2C74C1BF00C01E2E /* Elements */ = {
			isa = PBXGroup;
			children = (
				12E6A69B2C74C1D200C01E2E /* ButtonBuy.swift */,
				12E6A69D2C74C92100C01E2E /* TypePicker.swift */,
			);
			path = Elements;
			sourceTree = "<group>";
		};
/* End PBXGroup section */

/* Begin PBXNativeTarget section */
		12D0D5872C747B91005C8014 /* mySpar */ = {
			isa = PBXNativeTarget;
			buildConfigurationList = 12D0D5962C747B92005C8014 /* Build configuration list for PBXNativeTarget "mySpar" */;
			buildPhases = (
				12D0D5842C747B91005C8014 /* Sources */,
				12D0D5852C747B91005C8014 /* Frameworks */,
				12D0D5862C747B91005C8014 /* Resources */,
			);
			buildRules = (
			);
			dependencies = (
			);
			name = mySpar;
			productName = mySpar;
			productReference = 12D0D5882C747B91005C8014 /* mySpar.app */;
			productType = "com.apple.product-type.application";
		};
/* End PBXNativeTarget section */

/* Begin PBXProject section */
		12D0D5802C747B91005C8014 /* Project object */ = {
			isa = PBXProject;
			attributes = {
				BuildIndependentTargetsInParallel = 1;
				LastSwiftUpdateCheck = 1540;
				LastUpgradeCheck = 1540;
				TargetAttributes = {
					12D0D5872C747B91005C8014 = {
						CreatedOnToolsVersion = 15.4;
					};
				};
			};
			buildConfigurationList = 12D0D5832C747B91005C8014 /* Build configuration list for PBXProject "mySpar" */;
			compatibilityVersion = "Xcode 14.0";
			developmentRegion = en;
			hasScannedForEncodings = 0;
			knownRegions = (
				en,
				Base,
			);
			mainGroup = 12D0D57F2C747B91005C8014;
			productRefGroup = 12D0D5892C747B91005C8014 /* Products */;
			projectDirPath = "";
			projectRoot = "";
			targets = (
				12D0D5872C747B91005C8014 /* mySpar */,
			);
		};
/* End PBXProject section */

/* Begin PBXResourcesBuildPhase section */
		12D0D5862C747B91005C8014 /* Resources */ = {
			isa = PBXResourcesBuildPhase;
			buildActionMask = 2147483647;
			files = (
				12D0D5932C747B92005C8014 /* Preview Assets.xcassets in Resources */,
				12D0D5902C747B92005C8014 /* Assets.xcassets in Resources */,
			);
			runOnlyForDeploymentPostprocessing = 0;
		};
/* End PBXResourcesBuildPhase section */

/* Begin PBXSourcesBuildPhase section */
		12D0D5842C747B91005C8014 /* Sources */ = {
			isa = PBXSourcesBuildPhase;
			buildActionMask = 2147483647;
			files = (
				12B924B32C761864005FA7D5 /* BasketView.swift in Sources */,
				12E6A69C2C74C1D200C01E2E /* ButtonBuy.swift in Sources */,
				12E6A6982C74B5BA00C01E2E /* GridElement.swift in Sources */,
				12B924AA2C760714005FA7D5 /* ListElement.swift in Sources */,
				12B924AE2C760BAA005FA7D5 /* MainView.swift in Sources */,
				12D0D58E2C747B91005C8014 /* GridView.swift in Sources */,
				12D0D58C2C747B91005C8014 /* mySparApp.swift in Sources */,
				12D0D59C2C748730005C8014 /* ViewModel.swift in Sources */,
				12D0D59A2C748535005C8014 /* Model.swift in Sources */,
				12B924B12C7611AF005FA7D5 /* BasketElement.swift in Sources */,
				12E6A69E2C74C92100C01E2E /* TypePicker.swift in Sources */,
				12B924AC2C76089B005FA7D5 /* ListView.swift in Sources */,
			);
			runOnlyForDeploymentPostprocessing = 0;
		};
/* End PBXSourcesBuildPhase section */

/* Begin XCBuildConfiguration section */
		12D0D5942C747B92005C8014 /* Debug */ = {
			isa = XCBuildConfiguration;
			buildSettings = {
				ALWAYS_SEARCH_USER_PATHS = NO;
				ASSETCATALOG_COMPILER_GENERATE_SWIFT_ASSET_SYMBOL_EXTENSIONS = YES;
				CLANG_ANALYZER_NONNULL = YES;
				CLANG_ANALYZER_NUMBER_OBJECT_CONVERSION = YES_AGGRESSIVE;
				CLANG_CXX_LANGUAGE_STANDARD = "gnu++20";
				CLANG_ENABLE_MODULES = YES;
				CLANG_ENABLE_OBJC_ARC = YES;
				CLANG_ENABLE_OBJC_WEAK = YES;
				CLANG_WARN_BLOCK_CAPTURE_AUTORELEASING = YES;
				CLANG_WARN_BOOL_CONVERSION = YES;
				CLANG_WARN_COMMA = YES;
				CLANG_WARN_CONSTANT_CONVERSION = YES;
				CLANG_WARN_DEPRECATED_OBJC_IMPLEMENTATIONS = YES;
				CLANG_WARN_DIRECT_OBJC_ISA_USAGE = YES_ERROR;
				CLANG_WARN_DOCUMENTATION_COMMENTS = YES;
				CLANG_WARN_EMPTY_BODY = YES;
				CLANG_WARN_ENUM_CONVERSION = YES;
				CLANG_WARN_INFINITE_RECURSION = YES;
				CLANG_WARN_INT_CONVERSION = YES;
				CLANG_WARN_NON_LITERAL_NULL_CONVERSION = YES;
				CLANG_WARN_OBJC_IMPLICIT_RETAIN_SELF = YES;
				CLANG_WARN_OBJC_LITERAL_CONVERSION = YES;
				CLANG_WARN_OBJC_ROOT_CLASS = YES_ERROR;
				CLANG_WARN_QUOTED_INCLUDE_IN_FRAMEWORK_HEADER = YES;
				CLANG_WARN_RANGE_LOOP_ANALYSIS = YES;
				CLANG_WARN_STRICT_PROTOTYPES = YES;
				CLANG_WARN_SUSPICIOUS_MOVE = YES;
				CLANG_WARN_UNGUARDED_AVAILABILITY = YES_AGGRESSIVE;
				CLANG_WARN_UNREACHABLE_CODE = YES;
				CLANG_WARN__DUPLICATE_METHOD_MATCH = YES;
				COPY_PHASE_STRIP = NO;
				DEBUG_INFORMATION_FORMAT = dwarf;
				ENABLE_STRICT_OBJC_MSGSEND = YES;
				ENABLE_TESTABILITY = YES;
				ENABLE_USER_SCRIPT_SANDBOXING = YES;
				GCC_C_LANGUAGE_STANDARD = gnu17;
				GCC_DYNAMIC_NO_PIC = NO;
				GCC_NO_COMMON_BLOCKS = YES;
				GCC_OPTIMIZATION_LEVEL = 0;
				GCC_PREPROCESSOR_DEFINITIONS = (
					"DEBUG=1",
					"$(inherited)",
				);
				GCC_WARN_64_TO_32_BIT_CONVERSION = YES;
				GCC_WARN_ABOUT_RETURN_TYPE = YES_ERROR;
				GCC_WARN_UNDECLARED_SELECTOR = YES;
				GCC_WARN_UNINITIALIZED_AUTOS = YES_AGGRESSIVE;
				GCC_WARN_UNUSED_FUNCTION = YES;
				GCC_WARN_UNUSED_VARIABLE = YES;
				IPHONEOS_DEPLOYMENT_TARGET = 17.1;
				LOCALIZATION_PREFERS_STRING_CATALOGS = YES;
				MTL_ENABLE_DEBUG_INFO = INCLUDE_SOURCE;
				MTL_FAST_MATH = YES;
				ONLY_ACTIVE_ARCH = YES;
				SDKROOT = iphoneos;
				SWIFT_ACTIVE_COMPILATION_CONDITIONS = "DEBUG $(inherited)";
				SWIFT_OPTIMIZATION_LEVEL = "-Onone";
			};
			name = Debug;
		};
		12D0D5952C747B92005C8014 /* Release */ = {
			isa = XCBuildConfiguration;
			buildSettings = {
				ALWAYS_SEARCH_USER_PATHS = NO;
				ASSETCATALOG_COMPILER_GENERATE_SWIFT_ASSET_SYMBOL_EXTENSIONS = YES;
				CLANG_ANALYZER_NONNULL = YES;
				CLANG_ANALYZER_NUMBER_OBJECT_CONVERSION = YES_AGGRESSIVE;
				CLANG_CXX_LANGUAGE_STANDARD = "gnu++20";
				CLANG_ENABLE_MODULES = YES;
				CLANG_ENABLE_OBJC_ARC = YES;
				CLANG_ENABLE_OBJC_WEAK = YES;
				CLANG_WARN_BLOCK_CAPTURE_AUTORELEASING = YES;
				CLANG_WARN_BOOL_CONVERSION = YES;
				CLANG_WARN_COMMA = YES;
				CLANG_WARN_CONSTANT_CONVERSION = YES;
				CLANG_WARN_DEPRECATED_OBJC_IMPLEMENTATIONS = YES;
				CLANG_WARN_DIRECT_OBJC_ISA_USAGE = YES_ERROR;
				CLANG_WARN_DOCUMENTATION_COMMENTS = YES;
				CLANG_WARN_EMPTY_BODY = YES;
				CLANG_WARN_ENUM_CONVERSION = YES;
				CLANG_WARN_INFINITE_RECURSION = YES;
				CLANG_WARN_INT_CONVERSION = YES;
				CLANG_WARN_NON_LITERAL_NULL_CONVERSION = YES;
				CLANG_WARN_OBJC_IMPLICIT_RETAIN_SELF = YES;
				CLANG_WARN_OBJC_LITERAL_CONVERSION = YES;
				CLANG_WARN_OBJC_ROOT_CLASS = YES_ERROR;
				CLANG_WARN_QUOTED_INCLUDE_IN_FRAMEWORK_HEADER = YES;
				CLANG_WARN_RANGE_LOOP_ANALYSIS = YES;
				CLANG_WARN_STRICT_PROTOTYPES = YES;
				CLANG_WARN_SUSPICIOUS_MOVE = YES;
				CLANG_WARN_UNGUARDED_AVAILABILITY = YES_AGGRESSIVE;
				CLANG_WARN_UNREACHABLE_CODE = YES;
				CLANG_WARN__DUPLICATE_METHOD_MATCH = YES;
				COPY_PHASE_STRIP = NO;
				DEBUG_INFORMATION_FORMAT = "dwarf-with-dsym";
				ENABLE_NS_ASSERTIONS = NO;
				ENABLE_STRICT_OBJC_MSGSEND = YES;
				ENABLE_USER_SCRIPT_SANDBOXING = YES;
				GCC_C_LANGUAGE_STANDARD = gnu17;
				GCC_NO_COMMON_BLOCKS = YES;
				GCC_WARN_64_TO_32_BIT_CONVERSION = YES;
				GCC_WARN_ABOUT_RETURN_TYPE = YES_ERROR;
				GCC_WARN_UNDECLARED_SELECTOR = YES;
				GCC_WARN_UNINITIALIZED_AUTOS = YES_AGGRESSIVE;
				GCC_WARN_UNUSED_FUNCTION = YES;
				GCC_WARN_UNUSED_VARIABLE = YES;
				IPHONEOS_DEPLOYMENT_TARGET = 17.1;
				LOCALIZATION_PREFERS_STRING_CATALOGS = YES;
				MTL_ENABLE_DEBUG_INFO = NO;
				MTL_FAST_MATH = YES;
				SDKROOT = iphoneos;
				SWIFT_COMPILATION_MODE = wholemodule;
				VALIDATE_PRODUCT = YES;
			};
			name = Release;
		};
		12D0D5972C747B92005C8014 /* Debug */ = {
			isa = XCBuildConfiguration;
			buildSettings = {
				ASSETCATALOG_COMPILER_APPICON_NAME = AppIcon;
				ASSETCATALOG_COMPILER_GLOBAL_ACCENT_COLOR_NAME = AccentColor;
				CODE_SIGN_STYLE = Automatic;
				CURRENT_PROJECT_VERSION = 1;
				DEVELOPMENT_ASSET_PATHS = "\"mySpar/Preview Content\"";
				DEVELOPMENT_TEAM = BZY75949H5;
				ENABLE_PREVIEWS = YES;
				GENERATE_INFOPLIST_FILE = YES;
				INFOPLIST_KEY_LSApplicationCategoryType = "";
				INFOPLIST_KEY_UIApplicationSceneManifest_Generation = YES;
				INFOPLIST_KEY_UIApplicationSupportsIndirectInputEvents = YES;
				INFOPLIST_KEY_UILaunchScreen_Generation = YES;
				INFOPLIST_KEY_UISupportedInterfaceOrientations = UIInterfaceOrientationPortrait;
				INFOPLIST_KEY_UISupportedInterfaceOrientations_iPad = UIInterfaceOrientationPortraitUpsideDown;
				IPHONEOS_DEPLOYMENT_TARGET = 17.0;
				LD_RUNPATH_SEARCH_PATHS = (
					"$(inherited)",
					"@executable_path/Frameworks",
				);
				MARKETING_VERSION = 1.0;
				PRODUCT_BUNDLE_IDENTIFIER = "Anton-Ra.mySpar";
				PRODUCT_NAME = "$(TARGET_NAME)";
				SWIFT_EMIT_LOC_STRINGS = YES;
				SWIFT_VERSION = 5.0;
				TARGETED_DEVICE_FAMILY = 1;
			};
			name = Debug;
		};
		12D0D5982C747B92005C8014 /* Release */ = {
			isa = XCBuildConfiguration;
			buildSettings = {
				ASSETCATALOG_COMPILER_APPICON_NAME = AppIcon;
				ASSETCATALOG_COMPILER_GLOBAL_ACCENT_COLOR_NAME = AccentColor;
				CODE_SIGN_STYLE = Automatic;
				CURRENT_PROJECT_VERSION = 1;
				DEVELOPMENT_ASSET_PATHS = "\"mySpar/Preview Content\"";
				DEVELOPMENT_TEAM = BZY75949H5;
				ENABLE_PREVIEWS = YES;
				GENERATE_INFOPLIST_FILE = YES;
				INFOPLIST_KEY_LSApplicationCategoryType = "";
				INFOPLIST_KEY_UIApplicationSceneManifest_Generation = YES;
				INFOPLIST_KEY_UIApplicationSupportsIndirectInputEvents = YES;
				INFOPLIST_KEY_UILaunchScreen_Generation = YES;
				INFOPLIST_KEY_UISupportedInterfaceOrientations = UIInterfaceOrientationPortrait;
				INFOPLIST_KEY_UISupportedInterfaceOrientations_iPad = UIInterfaceOrientationPortraitUpsideDown;
				IPHONEOS_DEPLOYMENT_TARGET = 17.0;
				LD_RUNPATH_SEARCH_PATHS = (
					"$(inherited)",
					"@executable_path/Frameworks",
				);
				MARKETING_VERSION = 1.0;
				PRODUCT_BUNDLE_IDENTIFIER = "Anton-Ra.mySpar";
				PRODUCT_NAME = "$(TARGET_NAME)";
				SWIFT_EMIT_LOC_STRINGS = YES;
				SWIFT_VERSION = 5.0;
				TARGETED_DEVICE_FAMILY = 1;
			};
			name = Release;
		};
/* End XCBuildConfiguration section */

/* Begin XCConfigurationList section */
		12D0D5832C747B91005C8014 /* Build configuration list for PBXProject "mySpar" */ = {
			isa = XCConfigurationList;
			buildConfigurations = (
				12D0D5942C747B92005C8014 /* Debug */,
				12D0D5952C747B92005C8014 /* Release */,
			);
			defaultConfigurationIsVisible = 0;
			defaultConfigurationName = Release;
		};
		12D0D5962C747B92005C8014 /* Build configuration list for PBXNativeTarget "mySpar" */ = {
			isa = XCConfigurationList;
			buildConfigurations = (
				12D0D5972C747B92005C8014 /* Debug */,
				12D0D5982C747B92005C8014 /* Release */,
			);
			defaultConfigurationIsVisible = 0;
			defaultConfigurationName = Release;
		};
/* End XCConfigurationList section */
	};
	rootObject = 12D0D5802C747B91005C8014 /* Project object */;
}
